
Microsoft Visual Studio Solution File, Format Version 12.00
# Visual Studio Version 16
VisualStudioVersion = 16.0.30523.141
MinimumVisualStudioVersion = 10.0.40219.1
Project("{9A19103F-16F7-4668-BE54-9A1E7A4F7556}") = "ConsoleClient", "ConsoleClient\ConsoleClient.csproj", "{D13D968E-2D62-407F-9874-0097F2F18338}"
EndProject
Project("{9A19103F-16F7-4668-BE54-9A1E7A4F7556}") = "Models", "..\..\Models\Models\Models.csproj", "{5D2A4B88-A395-4F03-9209-55461C0CD6B4}"
EndProject
Global
	GlobalSection(SolutionConfigurationPlatforms) = preSolution
		Debug|Any CPU = Debug|Any CPU
		Release|Any CPU = Release|Any CPU
	EndGlobalSection
	GlobalSection(ProjectConfigurationPlatforms) = postSolution
		{D13D968E-2D62-407F-9874-0097F2F18338}.Debug|Any CPU.ActiveCfg = Debug|Any CPU
		{D13D968E-2D62-407F-9874-0097F2F18338}.Debug|Any CPU.Build.0 = Debug|Any CPU
		{D13D968E-2D62-407F-9874-0097F2F18338}.Release|Any CPU.ActiveCfg = Release|Any CPU
		{D13D968E-2D62-407F-9874-0097F2F18338}.Release|Any CPU.Build.0 = Release|Any CPU
		{5D2A4B88-A395-4F03-9209-55461C0CD6B4}.Debug|Any CPU.ActiveCfg = Debug|Any CPU
		{5D2A4B88-A395-4F03-9209-55461C0CD6B4}.Debug|Any CPU.Build.0 = Debug|Any CPU
		{5D2A4B88-A395-4F03-9209-55461C0CD6B4}.Release|Any CPU.ActiveCfg = Release|Any CPU
		{5D2A4B88-A395-4F03-9209-55461C0CD6B4}.Release|Any CPU.Build.0 = Release|Any CPU
	EndGlobalSection
	GlobalSection(SolutionProperties) = preSolution
		HideSolutionNode = FALSE
	EndGlobalSection
	GlobalSection(ExtensibilityGlobals) = postSolution
		SolutionGuid = {56544FD8-CF18-4695-B82A-55C950218985}
	EndGlobalSection
EndGlobal
