
Microsoft Visual Studio Solution File, Format Version 12.00
# Visual Studio Version 16
VisualStudioVersion = 16.0.30804.86
MinimumVisualStudioVersion = 10.0.40219.1
Project("{FAE04EC0-301F-11D3-BF4B-00C04F79EFBC}") = "WebApp", "WebApp\WebApp.csproj", "{0C0A553F-4DA6-4E8C-9D94-C6FD326BA224}"
EndProject
Project("{9A19103F-16F7-4668-BE54-9A1E7A4F7556}") = "Models", "..\Sockets\Models\Models\Models.csproj", "{5BF6059C-7A34-4A41-869F-A467F0AAC290}"
EndProject
Global
	GlobalSection(SolutionConfigurationPlatforms) = preSolution
		Debug|Any CPU = Debug|Any CPU
		Release|Any CPU = Release|Any CPU
	EndGlobalSection
	GlobalSection(ProjectConfigurationPlatforms) = postSolution
		{0C0A553F-4DA6-4E8C-9D94-C6FD326BA224}.Debug|Any CPU.ActiveCfg = Debug|Any CPU
		{0C0A553F-4DA6-4E8C-9D94-C6FD326BA224}.Debug|Any CPU.Build.0 = Debug|Any CPU
		{0C0A553F-4DA6-4E8C-9D94-C6FD326BA224}.Release|Any CPU.ActiveCfg = Release|Any CPU
		{0C0A553F-4DA6-4E8C-9D94-C6FD326BA224}.Release|Any CPU.Build.0 = Release|Any CPU
		{5BF6059C-7A34-4A41-869F-A467F0AAC290}.Debug|Any CPU.ActiveCfg = Debug|Any CPU
		{5BF6059C-7A34-4A41-869F-A467F0AAC290}.Debug|Any CPU.Build.0 = Debug|Any CPU
		{5BF6059C-7A34-4A41-869F-A467F0AAC290}.Release|Any CPU.ActiveCfg = Release|Any CPU
		{5BF6059C-7A34-4A41-869F-A467F0AAC290}.Release|Any CPU.Build.0 = Release|Any CPU
	EndGlobalSection
	GlobalSection(SolutionProperties) = preSolution
		HideSolutionNode = FALSE
	EndGlobalSection
	GlobalSection(ExtensibilityGlobals) = postSolution
		SolutionGuid = {E167E63C-6CA3-42DF-90D8-084B0FD1739D}
	EndGlobalSection
EndGlobal
